
Microsoft Visual Studio Solution File, Format Version 12.00
# Visual Studio Version 16
VisualStudioVersion = 16.0.30804.86
MinimumVisualStudioVersion = 10.0.40219.1
Project("{FAE04EC0-301F-11D3-BF4B-00C04F79EFBC}") = "Kafe21", "Kafe21\Kafe21.csproj", "{715FE35E-14E2-4EDD-B24E-69E33C964523}"
EndProject
Project("{FAE04EC0-301F-11D3-BF4B-00C04F79EFBC}") = "Kafe21.Data", "Kafe21.Data\Kafe21.Data.csproj", "{885964FC-F8DA-4181-AE92-F97174BA0199}"
EndProject
Global
	GlobalSection(SolutionConfigurationPlatforms) = preSolution
		Debug|Any CPU = Debug|Any CPU
		Release|Any CPU = Release|Any CPU
	EndGlobalSection
	GlobalSection(ProjectConfigurationPlatforms) = postSolution
		{715FE35E-14E2-4EDD-B24E-69E33C964523}.Debug|Any CPU.ActiveCfg = Debug|Any CPU
		{715FE35E-14E2-4EDD-B24E-69E33C964523}.Debug|Any CPU.Build.0 = Debug|Any CPU
		{715FE35E-14E2-4EDD-B24E-69E33C964523}.Release|Any CPU.ActiveCfg = Release|Any CPU
		{715FE35E-14E2-4EDD-B24E-69E33C964523}.Release|Any CPU.Build.0 = Release|Any CPU
		{885964FC-F8DA-4181-AE92-F97174BA0199}.Debug|Any CPU.ActiveCfg = Debug|Any CPU
		{885964FC-F8DA-4181-AE92-F97174BA0199}.Debug|Any CPU.Build.0 = Debug|Any CPU
		{885964FC-F8DA-4181-AE92-F97174BA0199}.Release|Any CPU.ActiveCfg = Release|Any CPU
		{885964FC-F8DA-4181-AE92-F97174BA0199}.Release|Any CPU.Build.0 = Release|Any CPU
	EndGlobalSection
	GlobalSection(SolutionProperties) = preSolution
		HideSolutionNode = FALSE
	EndGlobalSection
	GlobalSection(ExtensibilityGlobals) = postSolution
		SolutionGuid = {BCAE0677-DDEF-437D-A63B-AE36FCC92027}
	EndGlobalSection
EndGlobal
